
Microsoft Visual Studio Solution File, Format Version 12.00
# Visual Studio Version 16
VisualStudioVersion = 16.0.30804.86
MinimumVisualStudioVersion = 10.0.40219.1
Project("{FAE04EC0-301F-11D3-BF4B-00C04F79EFBC}") = "Calculator Plugin", "Calculator Plugin\Calculator Plugin.csproj", "{B4C57106-74BD-4BAB-B721-10319DA46029}"
EndProject
Global
	GlobalSection(SolutionConfigurationPlatforms) = preSolution
		Debug|Any CPU = Debug|Any CPU
		Release|Any CPU = Release|Any CPU
	EndGlobalSection
	GlobalSection(ProjectConfigurationPlatforms) = postSolution
		{B4C57106-74BD-4BAB-B721-10319DA46029}.Debug|Any CPU.ActiveCfg = Debug|Any CPU
		{B4C57106-74BD-4BAB-B721-10319DA46029}.Debug|Any CPU.Build.0 = Debug|Any CPU
		{B4C57106-74BD-4BAB-B721-10319DA46029}.Release|Any CPU.ActiveCfg = Release|Any CPU
		{B4C57106-74BD-4BAB-B721-10319DA46029}.Release|Any CPU.Build.0 = Release|Any CPU
	EndGlobalSection
	GlobalSection(SolutionProperties) = preSolution
		HideSolutionNode = FALSE
	EndGlobalSection
	GlobalSection(ExtensibilityGlobals) = postSolution
		SolutionGuid = {B7F40DC9-57B2-448A-8178-4BBB2BDBDF0D}
	EndGlobalSection
EndGlobal
